
Microsoft Visual Studio Solution File, Format Version 12.00
# Visual Studio Version 16
VisualStudioVersion = 16.6.30114.105
MinimumVisualStudioVersion = 10.0.40219.1
Project("{FAE04EC0-301F-11D3-BF4B-00C04F79EFBC}") = "API", "API\API.csproj", "{0D7367D4-2076-4A52-91CE-3C109C879942}"
EndProject
Project("{FAE04EC0-301F-11D3-BF4B-00C04F79EFBC}") = "Core", "Core\Core.csproj", "{A7F91666-BE7A-46DD-A834-E36C489B7F53}"
EndProject
Project("{FAE04EC0-301F-11D3-BF4B-00C04F79EFBC}") = "Infrastructure", "Infrastructure\Infrastructure.csproj", "{BDB8C60F-CF81-4874-93FD-53BC8A1813E1}"
EndProject
Global
	GlobalSection(SolutionConfigurationPlatforms) = preSolution
		Debug|Any CPU = Debug|Any CPU
		Debug|x64 = Debug|x64
		Debug|x86 = Debug|x86
		Release|Any CPU = Release|Any CPU
		Release|x64 = Release|x64
		Release|x86 = Release|x86
	EndGlobalSection
	GlobalSection(SolutionProperties) = preSolution
		HideSolutionNode = FALSE
	EndGlobalSection
	GlobalSection(ProjectConfigurationPlatforms) = postSolution
		{0D7367D4-2076-4A52-91CE-3C109C879942}.Debug|Any CPU.ActiveCfg = Debug|Any CPU
		{0D7367D4-2076-4A52-91CE-3C109C879942}.Debug|Any CPU.Build.0 = Debug|Any CPU
		{0D7367D4-2076-4A52-91CE-3C109C879942}.Debug|x64.ActiveCfg = Debug|Any CPU
		{0D7367D4-2076-4A52-91CE-3C109C879942}.Debug|x64.Build.0 = Debug|Any CPU
		{0D7367D4-2076-4A52-91CE-3C109C879942}.Debug|x86.ActiveCfg = Debug|Any CPU
		{0D7367D4-2076-4A52-91CE-3C109C879942}.Debug|x86.Build.0 = Debug|Any CPU
		{0D7367D4-2076-4A52-91CE-3C109C879942}.Release|Any CPU.ActiveCfg = Release|Any CPU
		{0D7367D4-2076-4A52-91CE-3C109C879942}.Release|Any CPU.Build.0 = Release|Any CPU
		{0D7367D4-2076-4A52-91CE-3C109C879942}.Release|x64.ActiveCfg = Release|Any CPU
		{0D7367D4-2076-4A52-91CE-3C109C879942}.Release|x64.Build.0 = Release|Any CPU
		{0D7367D4-2076-4A52-91CE-3C109C879942}.Release|x86.ActiveCfg = Release|Any CPU
		{0D7367D4-2076-4A52-91CE-3C109C879942}.Release|x86.Build.0 = Release|Any CPU
		{A7F91666-BE7A-46DD-A834-E36C489B7F53}.Debug|Any CPU.ActiveCfg = Debug|Any CPU
		{A7F91666-BE7A-46DD-A834-E36C489B7F53}.Debug|Any CPU.Build.0 = Debug|Any CPU
		{A7F91666-BE7A-46DD-A834-E36C489B7F53}.Debug|x64.ActiveCfg = Debug|Any CPU
		{A7F91666-BE7A-46DD-A834-E36C489B7F53}.Debug|x64.Build.0 = Debug|Any CPU
		{A7F91666-BE7A-46DD-A834-E36C489B7F53}.Debug|x86.ActiveCfg = Debug|Any CPU
		{A7F91666-BE7A-46DD-A834-E36C489B7F53}.Debug|x86.Build.0 = Debug|Any CPU
		{A7F91666-BE7A-46DD-A834-E36C489B7F53}.Release|Any CPU.ActiveCfg = Release|Any CPU
		{A7F91666-BE7A-46DD-A834-E36C489B7F53}.Release|Any CPU.Build.0 = Release|Any CPU
		{A7F91666-BE7A-46DD-A834-E36C489B7F53}.Release|x64.ActiveCfg = Release|Any CPU
		{A7F91666-BE7A-46DD-A834-E36C489B7F53}.Release|x64.Build.0 = Release|Any CPU
		{A7F91666-BE7A-46DD-A834-E36C489B7F53}.Release|x86.ActiveCfg = Release|Any CPU
		{A7F91666-BE7A-46DD-A834-E36C489B7F53}.Release|x86.Build.0 = Release|Any CPU
		{BDB8C60F-CF81-4874-93FD-53BC8A1813E1}.Debug|Any CPU.ActiveCfg = Debug|Any CPU
		{BDB8C60F-CF81-4874-93FD-53BC8A1813E1}.Debug|Any CPU.Build.0 = Debug|Any CPU
		{BDB8C60F-CF81-4874-93FD-53BC8A1813E1}.Debug|x64.ActiveCfg = Debug|Any CPU
		{BDB8C60F-CF81-4874-93FD-53BC8A1813E1}.Debug|x64.Build.0 = Debug|Any CPU
		{BDB8C60F-CF81-4874-93FD-53BC8A1813E1}.Debug|x86.ActiveCfg = Debug|Any CPU
		{BDB8C60F-CF81-4874-93FD-53BC8A1813E1}.Debug|x86.Build.0 = Debug|Any CPU
		{BDB8C60F-CF81-4874-93FD-53BC8A1813E1}.Release|Any CPU.ActiveCfg = Release|Any CPU
		{BDB8C60F-CF81-4874-93FD-53BC8A1813E1}.Release|Any CPU.Build.0 = Release|Any CPU
		{BDB8C60F-CF81-4874-93FD-53BC8A1813E1}.Release|x64.ActiveCfg = Release|Any CPU
		{BDB8C60F-CF81-4874-93FD-53BC8A1813E1}.Release|x64.Build.0 = Release|Any CPU
		{BDB8C60F-CF81-4874-93FD-53BC8A1813E1}.Release|x86.ActiveCfg = Release|Any CPU
		{BDB8C60F-CF81-4874-93FD-53BC8A1813E1}.Release|x86.Build.0 = Release|Any CPU
	EndGlobalSection
EndGlobal
